
Microsoft Visual Studio Solution File, Format Version 12.00
# Visual Studio 14
VisualStudioVersion = 14.0.25123.0
MinimumVisualStudioVersion = 10.0.40219.1
Project("{FAE04EC0-301F-11D3-BF4B-00C04F79EFBC}") = "HackerRank", "HackerRank\HackerRank.csproj", "{69737D10-D96E-4B50-9903-E40CF453FD83}"
EndProject
Project("{FAE04EC0-301F-11D3-BF4B-00C04F79EFBC}") = "DownLoadImage", "DownLoadImage\DownLoadImage.csproj", "{7741CDF4-D8D7-4F15-93A6-2DE7720ECD82}"
EndProject
Global
	GlobalSection(SolutionConfigurationPlatforms) = preSolution
		Debug|Any CPU = Debug|Any CPU
		Release|Any CPU = Release|Any CPU
	EndGlobalSection
	GlobalSection(ProjectConfigurationPlatforms) = postSolution
		{69737D10-D96E-4B50-9903-E40CF453FD83}.Debug|Any CPU.ActiveCfg = Debug|Any CPU
		{69737D10-D96E-4B50-9903-E40CF453FD83}.Debug|Any CPU.Build.0 = Debug|Any CPU
		{69737D10-D96E-4B50-9903-E40CF453FD83}.Release|Any CPU.ActiveCfg = Release|Any CPU
		{69737D10-D96E-4B50-9903-E40CF453FD83}.Release|Any CPU.Build.0 = Release|Any CPU
		{7741CDF4-D8D7-4F15-93A6-2DE7720ECD82}.Debug|Any CPU.ActiveCfg = Debug|Any CPU
		{7741CDF4-D8D7-4F15-93A6-2DE7720ECD82}.Debug|Any CPU.Build.0 = Debug|Any CPU
		{7741CDF4-D8D7-4F15-93A6-2DE7720ECD82}.Release|Any CPU.ActiveCfg = Release|Any CPU
		{7741CDF4-D8D7-4F15-93A6-2DE7720ECD82}.Release|Any CPU.Build.0 = Release|Any CPU
	EndGlobalSection
	GlobalSection(SolutionProperties) = preSolution
		HideSolutionNode = FALSE
	EndGlobalSection
EndGlobal
